{
  "name": "project",
  "version": "1.0.0",
  "lockfileVersion": 2,
  "requires": true,
  "packages": {
    "": {
      "name": "project",
      "version": "1.0.0",
      "license": "ISC",
      "dependencies": {
        "mongodb": "^4.1.1"
      },
      "devDependencies": {
        "itunes-data": "^0.1.4",
        "json-groupby": "^1.1.0"
      }
    },
    "node_modules/@types/node": {
      "version": "16.9.1",
      "resolved": "https://registry.npmjs.org/@types/node/-/node-16.9.1.tgz",
      "integrity": "sha512-QpLcX9ZSsq3YYUUnD3nFDY8H7wctAhQj/TFKL8Ya8v5fMm3CFXxo8zStsLAl780ltoYoo1WvKUVGBQK+1ifr7g=="
    },
    "node_modules/@types/webidl-conversions": {
      "version": "6.1.1",
      "resolved": "https://registry.npmjs.org/@types/webidl-conversions/-/webidl-conversions-6.1.1.tgz",
      "integrity": "sha512-XAahCdThVuCFDQLT7R7Pk/vqeObFNL3YqRyFZg+AqAP/W1/w3xHaIxuW7WszQqTbIBOPRcItYJIou3i/mppu3Q=="
    },
    "node_modules/@types/whatwg-url": {
      "version": "8.2.1",
      "resolved": "https://registry.npmjs.org/@types/whatwg-url/-/whatwg-url-8.2.1.tgz",
      "integrity": "sha512-2YubE1sjj5ifxievI5Ge1sckb9k/Er66HyR2c+3+I6VDUUg1TLPdYYTEbQ+DjRkS4nTxMJhgWfSfMRD2sl2EYQ==",
      "dependencies": {
        "@types/node": "*",
        "@types/webidl-conversions": "*"
      }
    },
    "node_modules/arguments-extended": {
      "version": "0.0.3",
      "resolved": "https://registry.npmjs.org/arguments-extended/-/arguments-extended-0.0.3.tgz",
      "integrity": "sha1-YQfkkX0OtvCk3WYyD8Fa/HLvSUY=",
      "dev": true,
      "dependencies": {
        "extended": "~0.0.3",
        "is-extended": "~0.0.8"
      }
    },
    "node_modules/array-extended": {
      "version": "0.0.11",
      "resolved": "https://registry.npmjs.org/array-extended/-/array-extended-0.0.11.tgz",
      "integrity": "sha1-1xRK50jek8pybxIQCdv/FibRZL0=",
      "dev": true,
      "dependencies": {
        "arguments-extended": "~0.0.3",
        "extended": "~0.0.3",
        "is-extended": "~0.0.3"
      }
    },
    "node_modules/base64-js": {
      "version": "1.5.1",
      "resolved": "https://registry.npmjs.org/base64-js/-/base64-js-1.5.1.tgz",
      "integrity": "sha512-AKpaYlHn8t4SVbOHCy+b5+KKgvR4vrsD8vbvrbiQJps7fKDTkjkDry6ji0rUJjC0kzbNePLwzxq8iypo41qeWA==",
      "funding": [
        {
          "type": "github",
          "url": "https://github.com/sponsors/feross"
        },
        {
          "type": "patreon",
          "url": "https://www.patreon.com/feross"
        },
        {
          "type": "consulting",
          "url": "https://feross.org/support"
        }
      ]
    },
    "node_modules/bindings": {
      "version": "1.5.0",
      "resolved": "https://registry.npmjs.org/bindings/-/bindings-1.5.0.tgz",
      "integrity": "sha512-p2q/t/mhvuOj/UeLlV6566GD/guowlr0hHxClI0W9m7MWYkL1F0hLo+0Aexs9HSPCtR1SXQ0TD3MMKrXZajbiQ==",
      "dev": true,
      "dependencies": {
        "file-uri-to-path": "1.0.0"
      }
    },
    "node_modules/bson": {
      "version": "4.5.1",
      "resolved": "https://registry.npmjs.org/bson/-/bson-4.5.1.tgz",
      "integrity": "sha512-XqFP74pbTVLyLy5KFxVfTUyRrC1mgOlmu/iXHfXqfCKT59jyP9lwbotGfbN59cHBRbJSamZNkrSopjv+N0SqAA==",
      "dependencies": {
        "buffer": "^5.6.0"
      },
      "engines": {
        "node": ">=6.9.0"
      }
    },
    "node_modules/buffer": {
      "version": "5.7.1",
      "resolved": "https://registry.npmjs.org/buffer/-/buffer-5.7.1.tgz",
      "integrity": "sha512-EHcyIPBQ4BSGlvjB16k5KgAJ27CIsHY/2JBmCRReo48y9rQ3MaUzWX3KVlBa4U7MyX02HdVj0K7C3WaB3ju7FQ==",
      "funding": [
        {
          "type": "github",
          "url": "https://github.com/sponsors/feross"
        },
        {
          "type": "patreon",
          "url": "https://www.patreon.com/feross"
        },
        {
          "type": "consulting",
          "url": "https://feross.org/support"
        }
      ],
      "dependencies": {
        "base64-js": "^1.3.1",
        "ieee754": "^1.1.13"
      }
    },
    "node_modules/charm": {
      "version": "0.1.2",
      "resolved": "https://registry.npmjs.org/charm/-/charm-0.1.2.tgz",
      "integrity": "sha1-BsIe7RobBq62dVPNxT4jJ0usIpY=",
      "dev": true
    },
    "node_modules/core-util-is": {
      "version": "1.0.2",
      "resolved": "https://registry.npmjs.org/core-util-is/-/core-util-is-1.0.2.tgz",
      "integrity": "sha1-tf1UIgqivFq1eqtxQMlAdUUDwac=",
      "dev": true
    },
    "node_modules/date-extended": {
      "version": "0.0.6",
      "resolved": "https://registry.npmjs.org/date-extended/-/date-extended-0.0.6.tgz",
      "integrity": "sha1-I4AtV90b94GIE/4MMuhRqG2iZ8k=",
      "dev": true,
      "dependencies": {
        "array-extended": "~0.0.3",
        "extended": "~0.0.3",
        "is-extended": "~0.0.3"
      }
    },
    "node_modules/declare.js": {
      "version": "0.0.8",
      "resolved": "https://registry.npmjs.org/declare.js/-/declare.js-0.0.8.tgz",
      "integrity": "sha1-BHit/5VkwAT1Hfc9i8E0AZ0o3N4=",
      "dev": true
    },
    "node_modules/denque": {
      "version": "1.5.1",
      "resolved": "https://registry.npmjs.org/denque/-/denque-1.5.1.tgz",
      "integrity": "sha512-XwE+iZ4D6ZUB7mfYRMb5wByE8L74HCn30FBN7sWnXksWc1LO1bPDl67pBR9o/kC4z/xSNAwkMYcGgqDV3BE3Hw==",
      "engines": {
        "node": ">=0.10"
      }
    },
    "node_modules/extended": {
      "version": "0.0.6",
      "resolved": "https://registry.npmjs.org/extended/-/extended-0.0.6.tgz",
      "integrity": "sha1-f7i/e52uOXWG5IVwrP1kLHjlBmk=",
      "dev": true,
      "dependencies": {
        "extender": "~0.0.5"
      }
    },
    "node_modules/extender": {
      "version": "0.0.10",
      "resolved": "https://registry.npmjs.org/extender/-/extender-0.0.10.tgz",
      "integrity": "sha1-WJwHSCvmGhRgttgfnCSqZ+jzJM0=",
      "dev": true,
      "dependencies": {
        "declare.js": "~0.0.4"
      }
    },
    "node_modules/fast-csv": {
      "version": "0.4.4",
      "resolved": "https://registry.npmjs.org/fast-csv/-/fast-csv-0.4.4.tgz",
      "integrity": "sha1-JNQaYRRVsx0LB10m+tjKpt+fP0s=",
      "dev": true,
      "dependencies": {
        "extended": "0.0.6",
        "is-extended": "0.0.10",
        "object-extended": "0.0.7",
        "string-extended": "0.0.8"
      },
      "engines": {
        "node": ">=0.10"
      }
    },
    "node_modules/file-uri-to-path": {
      "version": "1.0.0",
      "resolved": "https://registry.npmjs.org/file-uri-to-path/-/file-uri-to-path-1.0.0.tgz",
      "integrity": "sha512-0Zt+s3L7Vf1biwWZ29aARiVYLx7iMGnEUl9x33fbB/j3jR81u/O2LbqK+Bm1CDSNDKVtJ/YjwY7TUd5SkeLQLw==",
      "dev": true
    },
    "node_modules/ieee754": {
      "version": "1.2.1",
      "resolved": "https://registry.npmjs.org/ieee754/-/ieee754-1.2.1.tgz",
      "integrity": "sha512-dcyqhDvX1C46lXZcVqCpK+FtMRQVdIMN6/Df5js2zouUsqG7I6sFxitIC+7KYK29KdXOLHdu9zL4sFnoVQnqaA==",
      "funding": [
        {
          "type": "github",
          "url": "https://github.com/sponsors/feross"
        },
        {
          "type": "patreon",
          "url": "https://www.patreon.com/feross"
        },
        {
          "type": "consulting",
          "url": "https://feross.org/support"
        }
      ]
    },
    "node_modules/inherits": {
      "version": "2.0.4",
      "resolved": "https://registry.npmjs.org/inherits/-/inherits-2.0.4.tgz",
      "integrity": "sha512-k/vGaX4/Yla3WzyMCvTQOXYeIHvqOKtnqBduzTHpzpQZzAskKMhZ2K+EnBiSM9zGSoIFeMpXKxa4dYeZIQqewQ==",
      "dev": true
    },
    "node_modules/is-extended": {
      "version": "0.0.10",
      "resolved": "https://registry.npmjs.org/is-extended/-/is-extended-0.0.10.tgz",
      "integrity": "sha1-JE4UDfdbscmjEG9BL/GC+1NKbWI=",
      "dev": true,
      "dependencies": {
        "extended": "~0.0.3"
      }
    },
    "node_modules/isarray": {
      "version": "0.0.1",
      "resolved": "https://registry.npmjs.org/isarray/-/isarray-0.0.1.tgz",
      "integrity": "sha1-ihis/Kmo9Bd+Cav8YDiTmwXR7t8=",
      "dev": true
    },
    "node_modules/itunes-data": {
      "version": "0.1.4",
      "resolved": "https://registry.npmjs.org/itunes-data/-/itunes-data-0.1.4.tgz",
      "integrity": "sha1-xDoqACslsZDJDUVRV4QK4Rhhou0=",
      "dev": true,
      "dependencies": {
        "fast-csv": "^0.4.0",
        "JSONStream": "^0.8.2",
        "ldjson-stream": "0.0.1",
        "multimeter": "^0.1.1",
        "node-expat": "^2.2.0",
        "optimist": "^0.6.1",
        "progress-stream": "^0.5.0"
      },
      "bin": {
        "itunes-data": "cli.js"
      }
    },
    "node_modules/json-groupby": {
      "version": "1.1.0",
      "resolved": "https://registry.npmjs.org/json-groupby/-/json-groupby-1.1.0.tgz",
      "integrity": "sha1-evXg7XARjdIepB+pL6dTZfl59Vo=",
      "dev": true
    },
    "node_modules/jsonparse": {
      "version": "0.0.5",
      "resolved": "https://registry.npmjs.org/jsonparse/-/jsonparse-0.0.5.tgz",
      "integrity": "sha1-MwVCrT8KZUZlt3jz6y2an6UHrGQ=",
      "dev": true,
      "engines": [
        "node >= 0.2.0"
      ]
    },
    "node_modules/JSONStream": {
      "version": "0.8.4",
      "resolved": "https://registry.npmjs.org/JSONStream/-/JSONStream-0.8.4.tgz",
      "integrity": "sha1-kWV9/m/4V0gwZhMrRhi2Lo9Ih70=",
      "dev": true,
      "dependencies": {
        "jsonparse": "0.0.5",
        "through": ">=2.2.7 <3"
      },
      "bin": {
        "JSONStream": "index.js"
      },
      "engines": {
        "node": "*"
      }
    },
    "node_modules/ldjson-stream": {
      "version": "0.0.1",
      "resolved": "https://registry.npmjs.org/ldjson-stream/-/ldjson-stream-0.0.1.tgz",
      "integrity": "sha1-t7irBeam/Z9U3my6qoAcHV0v1e0=",
      "dev": true,
      "dependencies": {
        "split": "~0.2.10",
        "through": "~2.3.4"
      }
    },
    "node_modules/memory-pager": {
      "version": "1.5.0",
      "resolved": "https://registry.npmjs.org/memory-pager/-/memory-pager-1.5.0.tgz",
      "integrity": "sha512-ZS4Bp4r/Zoeq6+NLJpP+0Zzm0pR8whtGPf1XExKLJBAczGMnSi3It14OiNCStjQjM6NU1okjQGSxgEZN8eBYKg==",
      "optional": true
    },
    "node_modules/minimist": {
      "version": "0.0.10",
      "resolved": "https://registry.npmjs.org/minimist/-/minimist-0.0.10.tgz",
      "integrity": "sha1-3j+YVD2/lggr5IrRoMfNqDYwHc8=",
      "dev": true
    },
    "node_modules/mongodb": {
      "version": "4.1.1",
      "resolved": "https://registry.npmjs.org/mongodb/-/mongodb-4.1.1.tgz",
      "integrity": "sha512-fbACrWEyvr6yl0sSiCGV0sqEiBwTtDJ8iSojmkDjAfw9JnOZSAkUyv9seFSPYhPPKwxp1PDtyjvBNfMDz0WBLQ==",
      "dependencies": {
        "bson": "^4.5.1",
        "denque": "^1.5.0",
        "mongodb-connection-string-url": "^2.0.0"
      },
      "engines": {
        "node": ">=12.9.0"
      },
      "optionalDependencies": {
        "saslprep": "^1.0.0"
      }
    },
    "node_modules/mongodb-connection-string-url": {
      "version": "2.0.0",
      "resolved": "https://registry.npmjs.org/mongodb-connection-string-url/-/mongodb-connection-string-url-2.0.0.tgz",
      "integrity": "sha512-M0I1vyLoq5+HQTuPSJWbt+hIXsMCfE8sS1fS5mvP9R2DOMoi2ZD32yWqgBIITyu0dFu4qtS50erxKjvUeBiyog==",
      "dependencies": {
        "@types/whatwg-url": "^8.2.1",
        "whatwg-url": "^9.1.0"
      }
    },
    "node_modules/multimeter": {
      "version": "0.1.1",
      "resolved": "https://registry.npmjs.org/multimeter/-/multimeter-0.1.1.tgz",
      "integrity": "sha1-+FbID8PPDx1K2Os2rWhzXj7Vs+o=",
      "dev": true,
      "dependencies": {
        "charm": "~0.1.1"
      }
    },
    "node_modules/nan": {
      "version": "2.14.1",
      "resolved": "https://registry.npmjs.org/nan/-/nan-2.14.1.tgz",
      "integrity": "sha512-isWHgVjnFjh2x2yuJ/tj3JbwoHu3UC2dX5G/88Cm24yB6YopVgxvBObDY7n5xW6ExmFhJpSEQqFPvq9zaXc8Jw==",
      "dev": true
    },
    "node_modules/node-expat": {
      "version": "2.3.18",
      "resolved": "https://registry.npmjs.org/node-expat/-/node-expat-2.3.18.tgz",
      "integrity": "sha512-9dIrDxXePa9HSn+hhlAg1wXkvqOjxefEbMclGxk2cEnq/Y3U7Qo5HNNqeo3fQ4bVmLhcdt3YN1TZy7WMZy4MHw==",
      "dev": true,
      "hasInstallScript": true,
      "dependencies": {
        "bindings": "^1.5.0",
        "nan": "^2.13.2"
      }
    },
    "node_modules/object-extended": {
      "version": "0.0.7",
      "resolved": "https://registry.npmjs.org/object-extended/-/object-extended-0.0.7.tgz",
      "integrity": "sha1-hP0j9WsVWCrrPoiwXLVdJDLWijM=",
      "dev": true,
      "dependencies": {
        "array-extended": "~0.0.4",
        "extended": "~0.0.3",
        "is-extended": "~0.0.3"
      }
    },
    "node_modules/object-keys": {
      "version": "0.4.0",
      "resolved": "https://registry.npmjs.org/object-keys/-/object-keys-0.4.0.tgz",
      "integrity": "sha1-KKaq50KN0sOpLz2V8hM13SBOAzY=",
      "dev": true
    },
    "node_modules/optimist": {
      "version": "0.6.1",
      "resolved": "https://registry.npmjs.org/optimist/-/optimist-0.6.1.tgz",
      "integrity": "sha1-2j6nRob6IaGaERwybpDrFaAZZoY=",
      "dev": true,
      "dependencies": {
        "minimist": "~0.0.1",
        "wordwrap": "~0.0.2"
      }
    },
    "node_modules/progress-stream": {
      "version": "0.5.0",
      "resolved": "https://registry.npmjs.org/progress-stream/-/progress-stream-0.5.0.tgz",
      "integrity": "sha1-zEdZFnpv9PBYdheThPC2rg0ddYc=",
      "dev": true,
      "dependencies": {
        "single-line-log": "~0.3.1",
        "speedometer": "~0.1.2",
        "through2": "~0.2.3"
      }
    },
    "node_modules/punycode": {
      "version": "2.1.1",
      "resolved": "https://registry.npmjs.org/punycode/-/punycode-2.1.1.tgz",
      "integrity": "sha512-XRsRjdf+j5ml+y/6GKHPZbrF/8p2Yga0JPtdqTIY2Xe5ohJPD9saDJJLPvp9+NSBprVvevdXZybnj2cv8OEd0A==",
      "engines": {
        "node": ">=6"
      }
    },
    "node_modules/readable-stream": {
      "version": "1.1.14",
      "resolved": "https://registry.npmjs.org/readable-stream/-/readable-stream-1.1.14.tgz",
      "integrity": "sha1-fPTFTvZI44EwhMY23SB54WbAgdk=",
      "dev": true,
      "dependencies": {
        "core-util-is": "~1.0.0",
        "inherits": "~2.0.1",
        "isarray": "0.0.1",
        "string_decoder": "~0.10.x"
      }
    },
    "node_modules/saslprep": {
      "version": "1.0.3",
      "resolved": "https://registry.npmjs.org/saslprep/-/saslprep-1.0.3.tgz",
      "integrity": "sha512-/MY/PEMbk2SuY5sScONwhUDsV2p77Znkb/q3nSVstq/yQzYJOH/Azh29p9oJLsl3LnQwSvZDKagDGBsBwSooag==",
      "optional": true,
      "dependencies": {
        "sparse-bitfield": "^3.0.3"
      },
      "engines": {
        "node": ">=6"
      }
    },
    "node_modules/single-line-log": {
      "version": "0.3.1",
      "resolved": "https://registry.npmjs.org/single-line-log/-/single-line-log-0.3.1.tgz",
      "integrity": "sha1-p61lB/IYzl3+FsS/LWWSRkGeegY=",
      "dev": true
    },
    "node_modules/sparse-bitfield": {
      "version": "3.0.3",
      "resolved": "https://registry.npmjs.org/sparse-bitfield/-/sparse-bitfield-3.0.3.tgz",
      "integrity": "sha1-/0rm5oZWBWuks+eSqzM004JzyhE=",
      "optional": true,
      "dependencies": {
        "memory-pager": "^1.0.2"
      }
    },
    "node_modules/speedometer": {
      "version": "0.1.4",
      "resolved": "https://registry.npmjs.org/speedometer/-/speedometer-0.1.4.tgz",
      "integrity": "sha1-mHbb0qFp0xFUAtSObqYynIgWpQ0=",
      "dev": true
    },
    "node_modules/split": {
      "version": "0.2.10",
      "resolved": "https://registry.npmjs.org/split/-/split-0.2.10.tgz",
      "integrity": "sha1-Zwl8YB1pfOE2j0GPBs0gHPBSGlc=",
      "dev": true,
      "dependencies": {
        "through": "2"
      },
      "engines": {
        "node": "*"
      }
    },
    "node_modules/string_decoder": {
      "version": "0.10.31",
      "resolved": "https://registry.npmjs.org/string_decoder/-/string_decoder-0.10.31.tgz",
      "integrity": "sha1-YuIDvEF2bGwoyfyEMB2rHFMQ+pQ=",
      "dev": true
    },
    "node_modules/string-extended": {
      "version": "0.0.8",
      "resolved": "https://registry.npmjs.org/string-extended/-/string-extended-0.0.8.tgz",
      "integrity": "sha1-dBlX3/SHsCcqee7FpE8jnubxfM0=",
      "dev": true,
      "dependencies": {
        "array-extended": "~0.0.5",
        "date-extended": "~0.0.3",
        "extended": "~0.0.3",
        "is-extended": "~0.0.3"
      }
    },
    "node_modules/through": {
      "version": "2.3.8",
      "resolved": "https://registry.npmjs.org/through/-/through-2.3.8.tgz",
      "integrity": "sha1-DdTJ/6q8NXlgsbckEV1+Doai4fU=",
      "dev": true
    },
    "node_modules/through2": {
      "version": "0.2.3",
      "resolved": "https://registry.npmjs.org/through2/-/through2-0.2.3.tgz",
      "integrity": "sha1-6zKE2k6jEbbMis42U3SKUqvyWj8=",
      "dev": true,
      "dependencies": {
        "readable-stream": "~1.1.9",
        "xtend": "~2.1.1"
      }
    },
    "node_modules/tr46": {
      "version": "2.1.0",
      "resolved": "https://registry.npmjs.org/tr46/-/tr46-2.1.0.tgz",
      "integrity": "sha512-15Ih7phfcdP5YxqiB+iDtLoaTz4Nd35+IiAv0kQ5FNKHzXgdWqPoTIqEDDJmXceQt4JZk6lVPT8lnDlPpGDppw==",
      "dependencies": {
        "punycode": "^2.1.1"
      },
      "engines": {
        "node": ">=8"
      }
    },
    "node_modules/webidl-conversions": {
      "version": "6.1.0",
      "resolved": "https://registry.npmjs.org/webidl-conversions/-/webidl-conversions-6.1.0.tgz",
      "integrity": "sha512-qBIvFLGiBpLjfwmYAaHPXsn+ho5xZnGvyGvsarywGNc8VyQJUMHJ8OBKGGrPER0okBeMDaan4mNBlgBROxuI8w==",
      "engines": {
        "node": ">=10.4"
      }
    },
    "node_modules/whatwg-url": {
      "version": "9.1.0",
      "resolved": "https://registry.npmjs.org/whatwg-url/-/whatwg-url-9.1.0.tgz",
      "integrity": "sha512-CQ0UcrPHyomtlOCot1TL77WyMIm/bCwrJ2D6AOKGwEczU9EpyoqAokfqrf/MioU9kHcMsmJZcg1egXix2KYEsA==",
      "dependencies": {
        "tr46": "^2.1.0",
        "webidl-conversions": "^6.1.0"
      },
      "engines": {
        "node": ">=12"
      }
    },
    "node_modules/wordwrap": {
      "version": "0.0.3",
      "resolved": "https://registry.npmjs.org/wordwrap/-/wordwrap-0.0.3.tgz",
      "integrity": "sha1-o9XabNXAvAAI03I0u68b7WMFkQc=",
      "dev": true,
      "engines": {
        "node": ">=0.4.0"
      }
    },
    "node_modules/xtend": {
      "version": "2.1.2",
      "resolved": "https://registry.npmjs.org/xtend/-/xtend-2.1.2.tgz",
      "integrity": "sha1-bv7MKk2tjmlixJAbM3znuoe10os=",
      "dev": true,
      "dependencies": {
        "object-keys": "~0.4.0"
      },
      "engines": {
        "node": ">=0.4"
      }
    }
  },
  "dependencies": {
    "@types/node": {
      "version": "16.9.1",
      "resolved": "https://registry.npmjs.org/@types/node/-/node-16.9.1.tgz",
      "integrity": "sha512-QpLcX9ZSsq3YYUUnD3nFDY8H7wctAhQj/TFKL8Ya8v5fMm3CFXxo8zStsLAl780ltoYoo1WvKUVGBQK+1ifr7g=="
    },
    "@types/webidl-conversions": {
      "version": "6.1.1",
      "resolved": "https://registry.npmjs.org/@types/webidl-conversions/-/webidl-conversions-6.1.1.tgz",
      "integrity": "sha512-XAahCdThVuCFDQLT7R7Pk/vqeObFNL3YqRyFZg+AqAP/W1/w3xHaIxuW7WszQqTbIBOPRcItYJIou3i/mppu3Q=="
    },
    "@types/whatwg-url": {
      "version": "8.2.1",
      "resolved": "https://registry.npmjs.org/@types/whatwg-url/-/whatwg-url-8.2.1.tgz",
      "integrity": "sha512-2YubE1sjj5ifxievI5Ge1sckb9k/Er66HyR2c+3+I6VDUUg1TLPdYYTEbQ+DjRkS4nTxMJhgWfSfMRD2sl2EYQ==",
      "requires": {
        "@types/node": "*",
        "@types/webidl-conversions": "*"
      }
    },
    "arguments-extended": {
      "version": "0.0.3",
      "resolved": "https://registry.npmjs.org/arguments-extended/-/arguments-extended-0.0.3.tgz",
      "integrity": "sha1-YQfkkX0OtvCk3WYyD8Fa/HLvSUY=",
      "dev": true,
      "requires": {
        "extended": "~0.0.3",
        "is-extended": "~0.0.8"
      }
    },
    "array-extended": {
      "version": "0.0.11",
      "resolved": "https://registry.npmjs.org/array-extended/-/array-extended-0.0.11.tgz",
      "integrity": "sha1-1xRK50jek8pybxIQCdv/FibRZL0=",
      "dev": true,
      "requires": {
        "arguments-extended": "~0.0.3",
        "extended": "~0.0.3",
        "is-extended": "~0.0.3"
      }
    },
    "base64-js": {
      "version": "1.5.1",
      "resolved": "https://registry.npmjs.org/base64-js/-/base64-js-1.5.1.tgz",
      "integrity": "sha512-AKpaYlHn8t4SVbOHCy+b5+KKgvR4vrsD8vbvrbiQJps7fKDTkjkDry6ji0rUJjC0kzbNePLwzxq8iypo41qeWA=="
    },
    "bindings": {
      "version": "1.5.0",
      "resolved": "https://registry.npmjs.org/bindings/-/bindings-1.5.0.tgz",
      "integrity": "sha512-p2q/t/mhvuOj/UeLlV6566GD/guowlr0hHxClI0W9m7MWYkL1F0hLo+0Aexs9HSPCtR1SXQ0TD3MMKrXZajbiQ==",
      "dev": true,
      "requires": {
        "file-uri-to-path": "1.0.0"
      }
    },
    "bson": {
      "version": "4.5.1",
      "resolved": "https://registry.npmjs.org/bson/-/bson-4.5.1.tgz",
      "integrity": "sha512-XqFP74pbTVLyLy5KFxVfTUyRrC1mgOlmu/iXHfXqfCKT59jyP9lwbotGfbN59cHBRbJSamZNkrSopjv+N0SqAA==",
      "requires": {
        "buffer": "^5.6.0"
      }
    },
    "buffer": {
      "version": "5.7.1",
      "resolved": "https://registry.npmjs.org/buffer/-/buffer-5.7.1.tgz",
      "integrity": "sha512-EHcyIPBQ4BSGlvjB16k5KgAJ27CIsHY/2JBmCRReo48y9rQ3MaUzWX3KVlBa4U7MyX02HdVj0K7C3WaB3ju7FQ==",
      "requires": {
        "base64-js": "^1.3.1",
        "ieee754": "^1.1.13"
      }
    },
    "charm": {
      "version": "0.1.2",
      "resolved": "https://registry.npmjs.org/charm/-/charm-0.1.2.tgz",
      "integrity": "sha1-BsIe7RobBq62dVPNxT4jJ0usIpY=",
      "dev": true
    },
    "core-util-is": {
      "version": "1.0.2",
      "resolved": "https://registry.npmjs.org/core-util-is/-/core-util-is-1.0.2.tgz",
      "integrity": "sha1-tf1UIgqivFq1eqtxQMlAdUUDwac=",
      "dev": true
    },
    "date-extended": {
      "version": "0.0.6",
      "resolved": "https://registry.npmjs.org/date-extended/-/date-extended-0.0.6.tgz",
      "integrity": "sha1-I4AtV90b94GIE/4MMuhRqG2iZ8k=",
      "dev": true,
      "requires": {
        "array-extended": "~0.0.3",
        "extended": "~0.0.3",
        "is-extended": "~0.0.3"
      }
    },
    "declare.js": {
      "version": "0.0.8",
      "resolved": "https://registry.npmjs.org/declare.js/-/declare.js-0.0.8.tgz",
      "integrity": "sha1-BHit/5VkwAT1Hfc9i8E0AZ0o3N4=",
      "dev": true
    },
    "denque": {
      "version": "1.5.1",
      "resolved": "https://registry.npmjs.org/denque/-/denque-1.5.1.tgz",
      "integrity": "sha512-XwE+iZ4D6ZUB7mfYRMb5wByE8L74HCn30FBN7sWnXksWc1LO1bPDl67pBR9o/kC4z/xSNAwkMYcGgqDV3BE3Hw=="
    },
    "extended": {
      "version": "0.0.6",
      "resolved": "https://registry.npmjs.org/extended/-/extended-0.0.6.tgz",
      "integrity": "sha1-f7i/e52uOXWG5IVwrP1kLHjlBmk=",
      "dev": true,
      "requires": {
        "extender": "~0.0.5"
      }
    },
    "extender": {
      "version": "0.0.10",
      "resolved": "https://registry.npmjs.org/extender/-/extender-0.0.10.tgz",
      "integrity": "sha1-WJwHSCvmGhRgttgfnCSqZ+jzJM0=",
      "dev": true,
      "requires": {
        "declare.js": "~0.0.4"
      }
    },
    "fast-csv": {
      "version": "0.4.4",
      "resolved": "https://registry.npmjs.org/fast-csv/-/fast-csv-0.4.4.tgz",
      "integrity": "sha1-JNQaYRRVsx0LB10m+tjKpt+fP0s=",
      "dev": true,
      "requires": {
        "extended": "0.0.6",
        "is-extended": "0.0.10",
        "object-extended": "0.0.7",
        "string-extended": "0.0.8"
      }
    },
    "file-uri-to-path": {
      "version": "1.0.0",
      "resolved": "https://registry.npmjs.org/file-uri-to-path/-/file-uri-to-path-1.0.0.tgz",
      "integrity": "sha512-0Zt+s3L7Vf1biwWZ29aARiVYLx7iMGnEUl9x33fbB/j3jR81u/O2LbqK+Bm1CDSNDKVtJ/YjwY7TUd5SkeLQLw==",
      "dev": true
    },
    "ieee754": {
      "version": "1.2.1",
      "resolved": "https://registry.npmjs.org/ieee754/-/ieee754-1.2.1.tgz",
      "integrity": "sha512-dcyqhDvX1C46lXZcVqCpK+FtMRQVdIMN6/Df5js2zouUsqG7I6sFxitIC+7KYK29KdXOLHdu9zL4sFnoVQnqaA=="
    },
    "inherits": {
      "version": "2.0.4",
      "resolved": "https://registry.npmjs.org/inherits/-/inherits-2.0.4.tgz",
      "integrity": "sha512-k/vGaX4/Yla3WzyMCvTQOXYeIHvqOKtnqBduzTHpzpQZzAskKMhZ2K+EnBiSM9zGSoIFeMpXKxa4dYeZIQqewQ==",
      "dev": true
    },
    "is-extended": {
      "version": "0.0.10",
      "resolved": "https://registry.npmjs.org/is-extended/-/is-extended-0.0.10.tgz",
      "integrity": "sha1-JE4UDfdbscmjEG9BL/GC+1NKbWI=",
      "dev": true,
      "requires": {
        "extended": "~0.0.3"
      }
    },
    "isarray": {
      "version": "0.0.1",
      "resolved": "https://registry.npmjs.org/isarray/-/isarray-0.0.1.tgz",
      "integrity": "sha1-ihis/Kmo9Bd+Cav8YDiTmwXR7t8=",
      "dev": true
    },
    "itunes-data": {
      "version": "0.1.4",
      "resolved": "https://registry.npmjs.org/itunes-data/-/itunes-data-0.1.4.tgz",
      "integrity": "sha1-xDoqACslsZDJDUVRV4QK4Rhhou0=",
      "dev": true,
      "requires": {
        "fast-csv": "^0.4.0",
        "JSONStream": "^0.8.2",
        "ldjson-stream": "0.0.1",
        "multimeter": "^0.1.1",
        "node-expat": "^2.2.0",
        "optimist": "^0.6.1",
        "progress-stream": "^0.5.0"
      }
    },
    "json-groupby": {
      "version": "1.1.0",
      "resolved": "https://registry.npmjs.org/json-groupby/-/json-groupby-1.1.0.tgz",
      "integrity": "sha1-evXg7XARjdIepB+pL6dTZfl59Vo=",
      "dev": true
    },
    "jsonparse": {
      "version": "0.0.5",
      "resolved": "https://registry.npmjs.org/jsonparse/-/jsonparse-0.0.5.tgz",
      "integrity": "sha1-MwVCrT8KZUZlt3jz6y2an6UHrGQ=",
      "dev": true
    },
    "JSONStream": {
      "version": "0.8.4",
      "resolved": "https://registry.npmjs.org/JSONStream/-/JSONStream-0.8.4.tgz",
      "integrity": "sha1-kWV9/m/4V0gwZhMrRhi2Lo9Ih70=",
      "dev": true,
      "requires": {
        "jsonparse": "0.0.5",
        "through": ">=2.2.7 <3"
      }
    },
    "ldjson-stream": {
      "version": "0.0.1",
      "resolved": "https://registry.npmjs.org/ldjson-stream/-/ldjson-stream-0.0.1.tgz",
      "integrity": "sha1-t7irBeam/Z9U3my6qoAcHV0v1e0=",
      "dev": true,
      "requires": {
        "split": "~0.2.10",
        "through": "~2.3.4"
      }
    },
    "memory-pager": {
      "version": "1.5.0",
      "resolved": "https://registry.npmjs.org/memory-pager/-/memory-pager-1.5.0.tgz",
      "integrity": "sha512-ZS4Bp4r/Zoeq6+NLJpP+0Zzm0pR8whtGPf1XExKLJBAczGMnSi3It14OiNCStjQjM6NU1okjQGSxgEZN8eBYKg==",
      "optional": true
    },
    "minimist": {
      "version": "0.0.10",
      "resolved": "https://registry.npmjs.org/minimist/-/minimist-0.0.10.tgz",
      "integrity": "sha1-3j+YVD2/lggr5IrRoMfNqDYwHc8=",
      "dev": true
    },
    "mongodb": {
      "version": "4.1.1",
      "resolved": "https://registry.npmjs.org/mongodb/-/mongodb-4.1.1.tgz",
      "integrity": "sha512-fbACrWEyvr6yl0sSiCGV0sqEiBwTtDJ8iSojmkDjAfw9JnOZSAkUyv9seFSPYhPPKwxp1PDtyjvBNfMDz0WBLQ==",
      "requires": {
        "bson": "^4.5.1",
        "denque": "^1.5.0",
        "mongodb-connection-string-url": "^2.0.0",
        "saslprep": "^1.0.0"
      }
    },
    "mongodb-connection-string-url": {
      "version": "2.0.0",
      "resolved": "https://registry.npmjs.org/mongodb-connection-string-url/-/mongodb-connection-string-url-2.0.0.tgz",
      "integrity": "sha512-M0I1vyLoq5+HQTuPSJWbt+hIXsMCfE8sS1fS5mvP9R2DOMoi2ZD32yWqgBIITyu0dFu4qtS50erxKjvUeBiyog==",
      "requires": {
        "@types/whatwg-url": "^8.2.1",
        "whatwg-url": "^9.1.0"
      }
    },
    "multimeter": {
      "version": "0.1.1",
      "resolved": "https://registry.npmjs.org/multimeter/-/multimeter-0.1.1.tgz",
      "integrity": "sha1-+FbID8PPDx1K2Os2rWhzXj7Vs+o=",
      "dev": true,
      "requires": {
        "charm": "~0.1.1"
      }
    },
    "nan": {
      "version": "2.14.1",
      "resolved": "https://registry.npmjs.org/nan/-/nan-2.14.1.tgz",
      "integrity": "sha512-isWHgVjnFjh2x2yuJ/tj3JbwoHu3UC2dX5G/88Cm24yB6YopVgxvBObDY7n5xW6ExmFhJpSEQqFPvq9zaXc8Jw==",
      "dev": true
    },
    "node-expat": {
      "version": "2.3.18",
      "resolved": "https://registry.npmjs.org/node-expat/-/node-expat-2.3.18.tgz",
      "integrity": "sha512-9dIrDxXePa9HSn+hhlAg1wXkvqOjxefEbMclGxk2cEnq/Y3U7Qo5HNNqeo3fQ4bVmLhcdt3YN1TZy7WMZy4MHw==",
      "dev": true,
      "requires": {
        "bindings": "^1.5.0",
        "nan": "^2.13.2"
      }
    },
    "object-extended": {
      "version": "0.0.7",
      "resolved": "https://registry.npmjs.org/object-extended/-/object-extended-0.0.7.tgz",
      "integrity": "sha1-hP0j9WsVWCrrPoiwXLVdJDLWijM=",
      "dev": true,
      "requires": {
        "array-extended": "~0.0.4",
        "extended": "~0.0.3",
        "is-extended": "~0.0.3"
      }
    },
    "object-keys": {
      "version": "0.4.0",
      "resolved": "https://registry.npmjs.org/object-keys/-/object-keys-0.4.0.tgz",
      "integrity": "sha1-KKaq50KN0sOpLz2V8hM13SBOAzY=",
      "dev": true
    },
    "optimist": {
      "version": "0.6.1",
      "resolved": "https://registry.npmjs.org/optimist/-/optimist-0.6.1.tgz",
      "integrity": "sha1-2j6nRob6IaGaERwybpDrFaAZZoY=",
      "dev": true,
      "requires": {
        "minimist": "~0.0.1",
        "wordwrap": "~0.0.2"
      }
    },
    "progress-stream": {
      "version": "0.5.0",
      "resolved": "https://registry.npmjs.org/progress-stream/-/progress-stream-0.5.0.tgz",
      "integrity": "sha1-zEdZFnpv9PBYdheThPC2rg0ddYc=",
      "dev": true,
      "requires": {
        "single-line-log": "~0.3.1",
        "speedometer": "~0.1.2",
        "through2": "~0.2.3"
      }
    },
    "punycode": {
      "version": "2.1.1",
      "resolved": "https://registry.npmjs.org/punycode/-/punycode-2.1.1.tgz",
      "integrity": "sha512-XRsRjdf+j5ml+y/6GKHPZbrF/8p2Yga0JPtdqTIY2Xe5ohJPD9saDJJLPvp9+NSBprVvevdXZybnj2cv8OEd0A=="
    },
    "readable-stream": {
      "version": "1.1.14",
      "resolved": "https://registry.npmjs.org/readable-stream/-/readable-stream-1.1.14.tgz",
      "integrity": "sha1-fPTFTvZI44EwhMY23SB54WbAgdk=",
      "dev": true,
      "requires": {
        "core-util-is": "~1.0.0",
        "inherits": "~2.0.1",
        "isarray": "0.0.1",
        "string_decoder": "~0.10.x"
      }
    },
    "saslprep": {
      "version": "1.0.3",
      "resolved": "https://registry.npmjs.org/saslprep/-/saslprep-1.0.3.tgz",
      "integrity": "sha512-/MY/PEMbk2SuY5sScONwhUDsV2p77Znkb/q3nSVstq/yQzYJOH/Azh29p9oJLsl3LnQwSvZDKagDGBsBwSooag==",
      "optional": true,
      "requires": {
        "sparse-bitfield": "^3.0.3"
      }
    },
    "single-line-log": {
      "version": "0.3.1",
      "resolved": "https://registry.npmjs.org/single-line-log/-/single-line-log-0.3.1.tgz",
      "integrity": "sha1-p61lB/IYzl3+FsS/LWWSRkGeegY=",
      "dev": true
    },
    "sparse-bitfield": {
      "version": "3.0.3",
      "resolved": "https://registry.npmjs.org/sparse-bitfield/-/sparse-bitfield-3.0.3.tgz",
      "integrity": "sha1-/0rm5oZWBWuks+eSqzM004JzyhE=",
      "optional": true,
      "requires": {
        "memory-pager": "^1.0.2"
      }
    },
    "speedometer": {
      "version": "0.1.4",
      "resolved": "https://registry.npmjs.org/speedometer/-/speedometer-0.1.4.tgz",
      "integrity": "sha1-mHbb0qFp0xFUAtSObqYynIgWpQ0=",
      "dev": true
    },
    "split": {
      "version": "0.2.10",
      "resolved": "https://registry.npmjs.org/split/-/split-0.2.10.tgz",
      "integrity": "sha1-Zwl8YB1pfOE2j0GPBs0gHPBSGlc=",
      "dev": true,
      "requires": {
        "through": "2"
      }
    },
    "string_decoder": {
      "version": "0.10.31",
      "resolved": "https://registry.npmjs.org/string_decoder/-/string_decoder-0.10.31.tgz",
      "integrity": "sha1-YuIDvEF2bGwoyfyEMB2rHFMQ+pQ=",
      "dev": true
    },
    "string-extended": {
      "version": "0.0.8",
      "resolved": "https://registry.npmjs.org/string-extended/-/string-extended-0.0.8.tgz",
      "integrity": "sha1-dBlX3/SHsCcqee7FpE8jnubxfM0=",
      "dev": true,
      "requires": {
        "array-extended": "~0.0.5",
        "date-extended": "~0.0.3",
        "extended": "~0.0.3",
        "is-extended": "~0.0.3"
      }
    },
    "through": {
      "version": "2.3.8",
      "resolved": "https://registry.npmjs.org/through/-/through-2.3.8.tgz",
      "integrity": "sha1-DdTJ/6q8NXlgsbckEV1+Doai4fU=",
      "dev": true
    },
    "through2": {
      "version": "0.2.3",
      "resolved": "https://registry.npmjs.org/through2/-/through2-0.2.3.tgz",
      "integrity": "sha1-6zKE2k6jEbbMis42U3SKUqvyWj8=",
      "dev": true,
      "requires": {
        "readable-stream": "~1.1.9",
        "xtend": "~2.1.1"
      }
    },
    "tr46": {
      "version": "2.1.0",
      "resolved": "https://registry.npmjs.org/tr46/-/tr46-2.1.0.tgz",
      "integrity": "sha512-15Ih7phfcdP5YxqiB+iDtLoaTz4Nd35+IiAv0kQ5FNKHzXgdWqPoTIqEDDJmXceQt4JZk6lVPT8lnDlPpGDppw==",
      "requires": {
        "punycode": "^2.1.1"
      }
    },
    "webidl-conversions": {
      "version": "6.1.0",
      "resolved": "https://registry.npmjs.org/webidl-conversions/-/webidl-conversions-6.1.0.tgz",
      "integrity": "sha512-qBIvFLGiBpLjfwmYAaHPXsn+ho5xZnGvyGvsarywGNc8VyQJUMHJ8OBKGGrPER0okBeMDaan4mNBlgBROxuI8w=="
    },
    "whatwg-url": {
      "version": "9.1.0",
      "resolved": "https://registry.npmjs.org/whatwg-url/-/whatwg-url-9.1.0.tgz",
      "integrity": "sha512-CQ0UcrPHyomtlOCot1TL77WyMIm/bCwrJ2D6AOKGwEczU9EpyoqAokfqrf/MioU9kHcMsmJZcg1egXix2KYEsA==",
      "requires": {
        "tr46": "^2.1.0",
        "webidl-conversions": "^6.1.0"
      }
    },
    "wordwrap": {
      "version": "0.0.3",
      "resolved": "https://registry.npmjs.org/wordwrap/-/wordwrap-0.0.3.tgz",
      "integrity": "sha1-o9XabNXAvAAI03I0u68b7WMFkQc=",
      "dev": true
    },
    "xtend": {
      "version": "2.1.2",
      "resolved": "https://registry.npmjs.org/xtend/-/xtend-2.1.2.tgz",
      "integrity": "sha1-bv7MKk2tjmlixJAbM3znuoe10os=",
      "dev": true,
      "requires": {
        "object-keys": "~0.4.0"
      }
    }
  }
}
